// !$*UTF8*$!
{
	archiveVersion = 1;
	classes = {
	};
	objectVersion = 46;
	objects = {

/* Begin PBXBuildFile section */
		151F700917928A8300631E84 /* selectionsort.gif in Resources */ = {isa = PBXBuildFile; fileRef = 151F700817928A8300631E84 /* selectionsort.gif */; };
		151F703E1792902900631E84 /* CHANGELOG.md in Resources */ = {isa = PBXBuildFile; fileRef = 151F700B1792902900631E84 /* CHANGELOG.md */; };
		151F703F1792902900631E84 /* libstackmob-v1.4.0.a in Frameworks */ = {isa = PBXBuildFile; fileRef = 151F703D1792902900631E84 /* libstackmob-v1.4.0.a */; };
		151F7041179292ED00631E84 /* CoreData.framework in Frameworks */ = {isa = PBXBuildFile; fileRef = 151F7040179292ED00631E84 /* CoreData.framework */; };
		151F70431792930C00631E84 /* Security.framework in Frameworks */ = {isa = PBXBuildFile; fileRef = 151F70421792930C00631E84 /* Security.framework */; };
		151F70451792934800631E84 /* SystemConfiguration.framework in Frameworks */ = {isa = PBXBuildFile; fileRef = 151F70441792934800631E84 /* SystemConfiguration.framework */; };
		151F70471792936100631E84 /* MobileCoreServices.framework in Frameworks */ = {isa = PBXBuildFile; fileRef = 151F70461792936100631E84 /* MobileCoreServices.framework */; };
		151F70491792938500631E84 /* CoreLocation.framework in Frameworks */ = {isa = PBXBuildFile; fileRef = 151F70481792938500631E84 /* CoreLocation.framework */; };
		1542E3E21791CFC800C489F6 /* UIKit.framework in Frameworks */ = {isa = PBXBuildFile; fileRef = 1542E3E11791CFC800C489F6 /* UIKit.framework */; };
		1542E3E41791CFC800C489F6 /* Foundation.framework in Frameworks */ = {isa = PBXBuildFile; fileRef = 1542E3E31791CFC800C489F6 /* Foundation.framework */; };
		1542E3E61791CFC800C489F6 /* CoreGraphics.framework in Frameworks */ = {isa = PBXBuildFile; fileRef = 1542E3E51791CFC800C489F6 /* CoreGraphics.framework */; };
		1542E3EC1791CFC800C489F6 /* InfoPlist.strings in Resources */ = {isa = PBXBuildFile; fileRef = 1542E3EA1791CFC800C489F6 /* InfoPlist.strings */; };
		1542E3EE1791CFC800C489F6 /* main.m in Sources */ = {isa = PBXBuildFile; fileRef = 1542E3ED1791CFC800C489F6 /* main.m */; };
		1542E3F21791CFC800C489F6 /* ECAppDelegate.m in Sources */ = {isa = PBXBuildFile; fileRef = 1542E3F11791CFC800C489F6 /* ECAppDelegate.m */; };
		1542E3FB1791CFC800C489F6 /* MainStoryboard_iPhone.storyboard in Resources */ = {isa = PBXBuildFile; fileRef = 1542E3F91791CFC800C489F6 /* MainStoryboard_iPhone.storyboard */; };
		1542E3FE1791CFC900C489F6 /* MainStoryboard_iPad.storyboard in Resources */ = {isa = PBXBuildFile; fileRef = 1542E3FC1791CFC900C489F6 /* MainStoryboard_iPad.storyboard */; };
		1542E4011791CFC900C489F6 /* AlgorithmViewController.m in Sources */ = {isa = PBXBuildFile; fileRef = 1542E4001791CFC900C489F6 /* AlgorithmViewController.m */; };
		1542E4081791CFF300C489F6 /* bubblesort.gif in Resources */ = {isa = PBXBuildFile; fileRef = 1542E4071791CFF300C489F6 /* bubblesort.gif */; };
		1542E40B1791D52C00C489F6 /* ChooserViewController.m in Sources */ = {isa = PBXBuildFile; fileRef = 1542E40A1791D52C00C489F6 /* ChooserViewController.m */; };
		1542E40D1791D5B700C489F6 /* quicksort.gif in Resources */ = {isa = PBXBuildFile; fileRef = 1542E40C1791D5B700C489F6 /* quicksort.gif */; };
		1542E40F1791DD2000C489F6 /* insertionsort.gif in Resources */ = {isa = PBXBuildFile; fileRef = 1542E40E1791DD2000C489F6 /* insertionsort.gif */; };
		1542E4111791DD3100C489F6 /* mergesort.gif in Resources */ = {isa = PBXBuildFile; fileRef = 1542E4101791DD3100C489F6 /* mergesort.gif */; };
		7F7980F61792B51A0059BFD4 /* QuizViewController.m in Sources */ = {isa = PBXBuildFile; fileRef = 7F7980F51792B51A0059BFD4 /* QuizViewController.m */; };
		7F7980F81792F0270059BFD4 /* correct.jpeg in Resources */ = {isa = PBXBuildFile; fileRef = 7F7980F71792F0270059BFD4 /* correct.jpeg */; };
		7F7980FA1792F0C20059BFD4 /* incorrect.png in Resources */ = {isa = PBXBuildFile; fileRef = 7F7980F91792F0C20059BFD4 /* incorrect.png */; };
		7FA38AD5179260B9004F109A /* Default-568h@2x.png in Resources */ = {isa = PBXBuildFile; fileRef = 7FA38AD4179260B9004F109A /* Default-568h@2x.png */; };
		7FA38AD817927308004F109A /* MergeSortViewController.m in Sources */ = {isa = PBXBuildFile; fileRef = 7FA38AD717927308004F109A /* MergeSortViewController.m */; };
		7FA38ADB179278A9004F109A /* QuickSortViewController.m in Sources */ = {isa = PBXBuildFile; fileRef = 7FA38ADA179278A9004F109A /* QuickSortViewController.m */; };
		7FA38ADE17927F7C004F109A /* HeapSortViewController.m in Sources */ = {isa = PBXBuildFile; fileRef = 7FA38ADD17927F7C004F109A /* HeapSortViewController.m */; };
		7FA38AE017928089004F109A /* heapsort.gif in Resources */ = {isa = PBXBuildFile; fileRef = 7FA38ADF17928089004F109A /* heapsort.gif */; };
		FD342C4C179216CA00EAAC49 /* educrestlogo.png in Resources */ = {isa = PBXBuildFile; fileRef = FD342C4B179216CA00EAAC49 /* educrestlogo.png */; };
		FD342C511792285100EAAC49 /* BubbleSortViewController.m in Sources */ = {isa = PBXBuildFile; fileRef = FD342C501792285100EAAC49 /* BubbleSortViewController.m */; };
		FD342C5317922F6700EAAC49 /* Default-Portrait@2x~ipad.png in Resources */ = {isa = PBXBuildFile; fileRef = FD342C5217922F6700EAAC49 /* Default-Portrait@2x~ipad.png */; };
		FD342C551792304200EAAC49 /* Default.png in Resources */ = {isa = PBXBuildFile; fileRef = FD342C541792304200EAAC49 /* Default.png */; };
		FD342C5A17923AC300EAAC49 /* Icon-72.png in Resources */ = {isa = PBXBuildFile; fileRef = FD342C5917923AC300EAAC49 /* Icon-72.png */; };
		FD342C5C17923AC600EAAC49 /* Icon-72@2x.png in Resources */ = {isa = PBXBuildFile; fileRef = FD342C5B17923AC600EAAC49 /* Icon-72@2x.png */; };
		FD7CEBC61792BF78007406D7 /* AboutViewController.m in Sources */ = {isa = PBXBuildFile; fileRef = FD7CEBC51792BF78007406D7 /* AboutViewController.m */; };
/* End PBXBuildFile section */

/* Begin PBXFileReference section */
		151F700817928A8300631E84 /* selectionsort.gif */ = {isa = PBXFileReference; lastKnownFileType = image.gif; path = selectionsort.gif; sourceTree = "<group>"; };
		151F700B1792902900631E84 /* CHANGELOG.md */ = {isa = PBXFileReference; fileEncoding = 4; lastKnownFileType = text; path = CHANGELOG.md; sourceTree = "<group>"; };
		151F700D1792902900631E84 /* AFHTTPClient+StackMob.h */ = {isa = PBXFileReference; fileEncoding = 4; lastKnownFileType = sourcecode.c.h; path = "AFHTTPClient+StackMob.h"; sourceTree = "<group>"; };
		151F700E1792902900631E84 /* AFHTTPClient.h */ = {isa = PBXFileReference; fileEncoding = 4; lastKnownFileType = sourcecode.c.h; path = AFHTTPClient.h; sourceTree = "<group>"; };
		151F700F1792902900631E84 /* AFHTTPRequestOperation.h */ = {isa = PBXFileReference; fileEncoding = 4; lastKnownFileType = sourcecode.c.h; path = AFHTTPRequestOperation.h; sourceTree = "<group>"; };
		151F70101792902900631E84 /* AFImageRequestOperation.h */ = {isa = PBXFileReference; fileEncoding = 4; lastKnownFileType = sourcecode.c.h; path = AFImageRequestOperation.h; sourceTree = "<group>"; };
		151F70111792902900631E84 /* AFJSONRequestOperation.h */ = {isa = PBXFileReference; fileEncoding = 4; lastKnownFileType = sourcecode.c.h; path = AFJSONRequestOperation.h; sourceTree = "<group>"; };
		151F70121792902900631E84 /* AFNetworkActivityIndicatorManager.h */ = {isa = PBXFileReference; fileEncoding = 4; lastKnownFileType = sourcecode.c.h; path = AFNetworkActivityIndicatorManager.h; sourceTree = "<group>"; };
		151F70131792902900631E84 /* AFNetworking.h */ = {isa = PBXFileReference; fileEncoding = 4; lastKnownFileType = sourcecode.c.h; path = AFNetworking.h; sourceTree = "<group>"; };
		151F70141792902900631E84 /* AFPropertyListRequestOperation.h */ = {isa = PBXFileReference; fileEncoding = 4; lastKnownFileType = sourcecode.c.h; path = AFPropertyListRequestOperation.h; sourceTree = "<group>"; };
		151F70151792902900631E84 /* AFURLConnectionOperation.h */ = {isa = PBXFileReference; fileEncoding = 4; lastKnownFileType = sourcecode.c.h; path = AFURLConnectionOperation.h; sourceTree = "<group>"; };
		151F70161792902900631E84 /* AFXMLRequestOperation.h */ = {isa = PBXFileReference; fileEncoding = 4; lastKnownFileType = sourcecode.c.h; path = AFXMLRequestOperation.h; sourceTree = "<group>"; };
		151F70171792902900631E84 /* Base64EncodedStringFromData.h */ = {isa = PBXFileReference; fileEncoding = 4; lastKnownFileType = sourcecode.c.h; path = Base64EncodedStringFromData.h; sourceTree = "<group>"; };
		151F70181792902900631E84 /* Common.h */ = {isa = PBXFileReference; fileEncoding = 4; lastKnownFileType = sourcecode.c.h; path = Common.h; sourceTree = "<group>"; };
		151F70191792902900631E84 /* KeychainWrapper.h */ = {isa = PBXFileReference; fileEncoding = 4; lastKnownFileType = sourcecode.c.h; path = KeychainWrapper.h; sourceTree = "<group>"; };
		151F701A1792902900631E84 /* NSArray+Enumerable.h */ = {isa = PBXFileReference; fileEncoding = 4; lastKnownFileType = sourcecode.c.h; path = "NSArray+Enumerable.h"; sourceTree = "<group>"; };
		151F701B1792902900631E84 /* NSDictionary+AtomicCounter.h */ = {isa = PBXFileReference; fileEncoding = 4; lastKnownFileType = sourcecode.c.h; path = "NSDictionary+AtomicCounter.h"; sourceTree = "<group>"; };
		151F701C1792902900631E84 /* NSEntityDescription+StackMobSerialization.h */ = {isa = PBXFileReference; fileEncoding = 4; lastKnownFileType = sourcecode.c.h; path = "NSEntityDescription+StackMobSerialization.h"; sourceTree = "<group>"; };
		151F701D1792902900631E84 /* NSManagedObject+StackMobSerialization.h */ = {isa = PBXFileReference; fileEncoding = 4; lastKnownFileType = sourcecode.c.h; path = "NSManagedObject+StackMobSerialization.h"; sourceTree = "<group>"; };
		151F701E1792902900631E84 /* NSManagedObjectContext+Concurrency.h */ = {isa = PBXFileReference; fileEncoding = 4; lastKnownFileType = sourcecode.c.h; path = "NSManagedObjectContext+Concurrency.h"; sourceTree = "<group>"; };
		151F701F1792902900631E84 /* SMBinaryDataConversion.h */ = {isa = PBXFileReference; fileEncoding = 4; lastKnownFileType = sourcecode.c.h; path = SMBinaryDataConversion.h; sourceTree = "<group>"; };
		151F70201792902900631E84 /* SMClient.h */ = {isa = PBXFileReference; fileEncoding = 4; lastKnownFileType = sourcecode.c.h; path = SMClient.h; sourceTree = "<group>"; };
		151F70211792902900631E84 /* SMCoreDataStore.h */ = {isa = PBXFileReference; fileEncoding = 4; lastKnownFileType = sourcecode.c.h; path = SMCoreDataStore.h; sourceTree = "<group>"; };
		151F70221792902900631E84 /* SMCustomCodeRequest.h */ = {isa = PBXFileReference; fileEncoding = 4; lastKnownFileType = sourcecode.c.h; path = SMCustomCodeRequest.h; sourceTree = "<group>"; };
		151F70231792902900631E84 /* SMDataStore+Protected.h */ = {isa = PBXFileReference; fileEncoding = 4; lastKnownFileType = sourcecode.c.h; path = "SMDataStore+Protected.h"; sourceTree = "<group>"; };
		151F70241792902900631E84 /* SMDataStore.h */ = {isa = PBXFileReference; fileEncoding = 4; lastKnownFileType = sourcecode.c.h; path = SMDataStore.h; sourceTree = "<group>"; };
		151F70251792902900631E84 /* SMError.h */ = {isa = PBXFileReference; fileEncoding = 4; lastKnownFileType = sourcecode.c.h; path = SMError.h; sourceTree = "<group>"; };
		151F70261792902900631E84 /* SMGeoPoint.h */ = {isa = PBXFileReference; fileEncoding = 4; lastKnownFileType = sourcecode.c.h; path = SMGeoPoint.h; sourceTree = "<group>"; };
		151F70271792902900631E84 /* SMIncrementalStore+Query.h */ = {isa = PBXFileReference; fileEncoding = 4; lastKnownFileType = sourcecode.c.h; path = "SMIncrementalStore+Query.h"; sourceTree = "<group>"; };
		151F70281792902900631E84 /* SMIncrementalStore.h */ = {isa = PBXFileReference; fileEncoding = 4; lastKnownFileType = sourcecode.c.h; path = SMIncrementalStore.h; sourceTree = "<group>"; };
		151F70291792902900631E84 /* SMIncrementalStoreNode.h */ = {isa = PBXFileReference; fileEncoding = 4; lastKnownFileType = sourcecode.c.h; path = SMIncrementalStoreNode.h; sourceTree = "<group>"; };
		151F702A1792902900631E84 /* SMJSONRequestOperation.h */ = {isa = PBXFileReference; fileEncoding = 4; lastKnownFileType = sourcecode.c.h; path = SMJSONRequestOperation.h; sourceTree = "<group>"; };
		151F702B1792902900631E84 /* SMLocationManager.h */ = {isa = PBXFileReference; fileEncoding = 4; lastKnownFileType = sourcecode.c.h; path = SMLocationManager.h; sourceTree = "<group>"; };
		151F702C1792902900631E84 /* SMNetworkReachability.h */ = {isa = PBXFileReference; fileEncoding = 4; lastKnownFileType = sourcecode.c.h; path = SMNetworkReachability.h; sourceTree = "<group>"; };
		151F702D1792902900631E84 /* SMOAuth1Client.h */ = {isa = PBXFileReference; fileEncoding = 4; lastKnownFileType = sourcecode.c.h; path = SMOAuth1Client.h; sourceTree = "<group>"; };
		151F702E1792902900631E84 /* SMOAuth2Client.h */ = {isa = PBXFileReference; fileEncoding = 4; lastKnownFileType = sourcecode.c.h; path = SMOAuth2Client.h; sourceTree = "<group>"; };
		151F702F1792902900631E84 /* SMPredicate.h */ = {isa = PBXFileReference; fileEncoding = 4; lastKnownFileType = sourcecode.c.h; path = SMPredicate.h; sourceTree = "<group>"; };
		151F70301792902900631E84 /* SMPushClient.h */ = {isa = PBXFileReference; fileEncoding = 4; lastKnownFileType = sourcecode.c.h; path = SMPushClient.h; sourceTree = "<group>"; };
		151F70311792902900631E84 /* SMPushToken.h */ = {isa = PBXFileReference; fileEncoding = 4; lastKnownFileType = sourcecode.c.h; path = SMPushToken.h; sourceTree = "<group>"; };
		151F70321792902900631E84 /* SMQuery.h */ = {isa = PBXFileReference; fileEncoding = 4; lastKnownFileType = sourcecode.c.h; path = SMQuery.h; sourceTree = "<group>"; };
		151F70331792902900631E84 /* SMRequestOptions.h */ = {isa = PBXFileReference; fileEncoding = 4; lastKnownFileType = sourcecode.c.h; path = SMRequestOptions.h; sourceTree = "<group>"; };
		151F70341792902900631E84 /* SMResponseBlocks.h */ = {isa = PBXFileReference; fileEncoding = 4; lastKnownFileType = sourcecode.c.h; path = SMResponseBlocks.h; sourceTree = "<group>"; };
		151F70351792902900631E84 /* SMUserManagedObject.h */ = {isa = PBXFileReference; fileEncoding = 4; lastKnownFileType = sourcecode.c.h; path = SMUserManagedObject.h; sourceTree = "<group>"; };
		151F70361792902900631E84 /* SMUserSession.h */ = {isa = PBXFileReference; fileEncoding = 4; lastKnownFileType = sourcecode.c.h; path = SMUserSession.h; sourceTree = "<group>"; };
		151F70371792902900631E84 /* SMVersion.h */ = {isa = PBXFileReference; fileEncoding = 4; lastKnownFileType = sourcecode.c.h; path = SMVersion.h; sourceTree = "<group>"; };
		151F70381792902900631E84 /* StackMob.h */ = {isa = PBXFileReference; fileEncoding = 4; lastKnownFileType = sourcecode.c.h; path = StackMob.h; sourceTree = "<group>"; };
		151F70391792902900631E84 /* StackMobPush.h */ = {isa = PBXFileReference; fileEncoding = 4; lastKnownFileType = sourcecode.c.h; path = StackMobPush.h; sourceTree = "<group>"; };
		151F703A1792902900631E84 /* Synchronization.h */ = {isa = PBXFileReference; fileEncoding = 4; lastKnownFileType = sourcecode.c.h; path = Synchronization.h; sourceTree = "<group>"; };
		151F703B1792902900631E84 /* SystemInformation.h */ = {isa = PBXFileReference; fileEncoding = 4; lastKnownFileType = sourcecode.c.h; path = SystemInformation.h; sourceTree = "<group>"; };
		151F703C1792902900631E84 /* UIImageView+AFNetworking.h */ = {isa = PBXFileReference; fileEncoding = 4; lastKnownFileType = sourcecode.c.h; path = "UIImageView+AFNetworking.h"; sourceTree = "<group>"; };
		151F703D1792902900631E84 /* libstackmob-v1.4.0.a */ = {isa = PBXFileReference; lastKnownFileType = archive.ar; path = "libstackmob-v1.4.0.a"; sourceTree = "<group>"; };
		151F7040179292ED00631E84 /* CoreData.framework */ = {isa = PBXFileReference; lastKnownFileType = wrapper.framework; name = CoreData.framework; path = System/Library/Frameworks/CoreData.framework; sourceTree = SDKROOT; };
		151F70421792930C00631E84 /* Security.framework */ = {isa = PBXFileReference; lastKnownFileType = wrapper.framework; name = Security.framework; path = System/Library/Frameworks/Security.framework; sourceTree = SDKROOT; };
		151F70441792934800631E84 /* SystemConfiguration.framework */ = {isa = PBXFileReference; lastKnownFileType = wrapper.framework; name = SystemConfiguration.framework; path = System/Library/Frameworks/SystemConfiguration.framework; sourceTree = SDKROOT; };
		151F70461792936100631E84 /* MobileCoreServices.framework */ = {isa = PBXFileReference; lastKnownFileType = wrapper.framework; name = MobileCoreServices.framework; path = System/Library/Frameworks/MobileCoreServices.framework; sourceTree = SDKROOT; };
		151F70481792938500631E84 /* CoreLocation.framework */ = {isa = PBXFileReference; lastKnownFileType = wrapper.framework; name = CoreLocation.framework; path = System/Library/Frameworks/CoreLocation.framework; sourceTree = SDKROOT; };
		1542E3DE1791CFC800C489F6 /* Educrest.app */ = {isa = PBXFileReference; explicitFileType = wrapper.application; includeInIndex = 0; path = Educrest.app; sourceTree = BUILT_PRODUCTS_DIR; };
		1542E3E11791CFC800C489F6 /* UIKit.framework */ = {isa = PBXFileReference; lastKnownFileType = wrapper.framework; name = UIKit.framework; path = System/Library/Frameworks/UIKit.framework; sourceTree = SDKROOT; };
		1542E3E31791CFC800C489F6 /* Foundation.framework */ = {isa = PBXFileReference; lastKnownFileType = wrapper.framework; name = Foundation.framework; path = System/Library/Frameworks/Foundation.framework; sourceTree = SDKROOT; };
		1542E3E51791CFC800C489F6 /* CoreGraphics.framework */ = {isa = PBXFileReference; lastKnownFileType = wrapper.framework; name = CoreGraphics.framework; path = System/Library/Frameworks/CoreGraphics.framework; sourceTree = SDKROOT; };
		1542E3E91791CFC800C489F6 /* Educrest-Info.plist */ = {isa = PBXFileReference; lastKnownFileType = text.plist.xml; path = "Educrest-Info.plist"; sourceTree = "<group>"; };
		1542E3EB1791CFC800C489F6 /* en */ = {isa = PBXFileReference; lastKnownFileType = text.plist.strings; name = en; path = en.lproj/InfoPlist.strings; sourceTree = "<group>"; };
		1542E3ED1791CFC800C489F6 /* main.m */ = {isa = PBXFileReference; lastKnownFileType = sourcecode.c.objc; path = main.m; sourceTree = "<group>"; };
		1542E3EF1791CFC800C489F6 /* Educrest-Prefix.pch */ = {isa = PBXFileReference; lastKnownFileType = sourcecode.c.h; path = "Educrest-Prefix.pch"; sourceTree = "<group>"; };
		1542E3F01791CFC800C489F6 /* ECAppDelegate.h */ = {isa = PBXFileReference; lastKnownFileType = sourcecode.c.h; path = ECAppDelegate.h; sourceTree = "<group>"; };
		1542E3F11791CFC800C489F6 /* ECAppDelegate.m */ = {isa = PBXFileReference; lastKnownFileType = sourcecode.c.objc; path = ECAppDelegate.m; sourceTree = "<group>"; };
		1542E3FA1791CFC800C489F6 /* en */ = {isa = PBXFileReference; lastKnownFileType = file.storyboard; name = en; path = en.lproj/MainStoryboard_iPhone.storyboard; sourceTree = "<group>"; };
		1542E3FD1791CFC900C489F6 /* en */ = {isa = PBXFileReference; lastKnownFileType = file.storyboard; name = en; path = en.lproj/MainStoryboard_iPad.storyboard; sourceTree = "<group>"; };
		1542E3FF1791CFC900C489F6 /* AlgorithmViewController.h */ = {isa = PBXFileReference; lastKnownFileType = sourcecode.c.h; path = AlgorithmViewController.h; sourceTree = "<group>"; };
		1542E4001791CFC900C489F6 /* AlgorithmViewController.m */ = {isa = PBXFileReference; lastKnownFileType = sourcecode.c.objc; path = AlgorithmViewController.m; sourceTree = "<group>"; };
		1542E4071791CFF300C489F6 /* bubblesort.gif */ = {isa = PBXFileReference; lastKnownFileType = image.gif; path = bubblesort.gif; sourceTree = "<group>"; };
		1542E4091791D52C00C489F6 /* ChooserViewController.h */ = {isa = PBXFileReference; fileEncoding = 4; lastKnownFileType = sourcecode.c.h; path = ChooserViewController.h; sourceTree = "<group>"; };
		1542E40A1791D52C00C489F6 /* ChooserViewController.m */ = {isa = PBXFileReference; fileEncoding = 4; lastKnownFileType = sourcecode.c.objc; path = ChooserViewController.m; sourceTree = "<group>"; };
		1542E40C1791D5B700C489F6 /* quicksort.gif */ = {isa = PBXFileReference; lastKnownFileType = image.gif; path = quicksort.gif; sourceTree = "<group>"; };
		1542E40E1791DD2000C489F6 /* insertionsort.gif */ = {isa = PBXFileReference; lastKnownFileType = image.gif; path = insertionsort.gif; sourceTree = "<group>"; };
		1542E4101791DD3100C489F6 /* mergesort.gif */ = {isa = PBXFileReference; lastKnownFileType = image.gif; path = mergesort.gif; sourceTree = "<group>"; };
		7F7980F41792B51A0059BFD4 /* QuizViewController.h */ = {isa = PBXFileReference; fileEncoding = 4; lastKnownFileType = sourcecode.c.h; name = QuizViewController.h; path = ../QuizViewController.h; sourceTree = "<group>"; };
		7F7980F51792B51A0059BFD4 /* QuizViewController.m */ = {isa = PBXFileReference; fileEncoding = 4; lastKnownFileType = sourcecode.c.objc; name = QuizViewController.m; path = ../QuizViewController.m; sourceTree = "<group>"; };
		7F7980F71792F0270059BFD4 /* correct.jpeg */ = {isa = PBXFileReference; lastKnownFileType = image.jpeg; path = correct.jpeg; sourceTree = "<group>"; };
		7F7980F91792F0C20059BFD4 /* incorrect.png */ = {isa = PBXFileReference; lastKnownFileType = image.png; path = incorrect.png; sourceTree = "<group>"; };
		7FA38AD4179260B9004F109A /* Default-568h@2x.png */ = {isa = PBXFileReference; lastKnownFileType = image.png; path = "Default-568h@2x.png"; sourceTree = "<group>"; };
		7FA38AD617927308004F109A /* MergeSortViewController.h */ = {isa = PBXFileReference; fileEncoding = 4; lastKnownFileType = sourcecode.c.h; name = MergeSortViewController.h; path = ../MergeSortViewController.h; sourceTree = "<group>"; };
		7FA38AD717927308004F109A /* MergeSortViewController.m */ = {isa = PBXFileReference; fileEncoding = 4; lastKnownFileType = sourcecode.c.objc; name = MergeSortViewController.m; path = ../MergeSortViewController.m; sourceTree = "<group>"; };
		7FA38AD9179278A9004F109A /* QuickSortViewController.h */ = {isa = PBXFileReference; fileEncoding = 4; lastKnownFileType = sourcecode.c.h; path = QuickSortViewController.h; sourceTree = "<group>"; };
		7FA38ADA179278A9004F109A /* QuickSortViewController.m */ = {isa = PBXFileReference; fileEncoding = 4; lastKnownFileType = sourcecode.c.objc; path = QuickSortViewController.m; sourceTree = "<group>"; };
		7FA38ADC17927F7C004F109A /* HeapSortViewController.h */ = {isa = PBXFileReference; fileEncoding = 4; lastKnownFileType = sourcecode.c.h; path = HeapSortViewController.h; sourceTree = "<group>"; };
		7FA38ADD17927F7C004F109A /* HeapSortViewController.m */ = {isa = PBXFileReference; fileEncoding = 4; lastKnownFileType = sourcecode.c.objc; path = HeapSortViewController.m; sourceTree = "<group>"; };
		7FA38ADF17928089004F109A /* heapsort.gif */ = {isa = PBXFileReference; lastKnownFileType = image.gif; path = heapsort.gif; sourceTree = "<group>"; };
		FD342C4B179216CA00EAAC49 /* educrestlogo.png */ = {isa = PBXFileReference; lastKnownFileType = image.png; path = educrestlogo.png; sourceTree = "<group>"; };
		FD342C4F1792285100EAAC49 /* BubbleSortViewController.h */ = {isa = PBXFileReference; fileEncoding = 4; lastKnownFileType = sourcecode.c.h; path = BubbleSortViewController.h; sourceTree = "<group>"; };
		FD342C501792285100EAAC49 /* BubbleSortViewController.m */ = {isa = PBXFileReference; fileEncoding = 4; lastKnownFileType = sourcecode.c.objc; path = BubbleSortViewController.m; sourceTree = "<group>"; };
		FD342C5217922F6700EAAC49 /* Default-Portrait@2x~ipad.png */ = {isa = PBXFileReference; lastKnownFileType = image.png; path = "Default-Portrait@2x~ipad.png"; sourceTree = "<group>"; };
		FD342C541792304200EAAC49 /* Default.png */ = {isa = PBXFileReference; lastKnownFileType = image.png; path = Default.png; sourceTree = "<group>"; };
		FD342C5917923AC300EAAC49 /* Icon-72.png */ = {isa = PBXFileReference; lastKnownFileType = image.png; path = "Icon-72.png"; sourceTree = "<group>"; };
		FD342C5B17923AC600EAAC49 /* Icon-72@2x.png */ = {isa = PBXFileReference; lastKnownFileType = image.png; path = "Icon-72@2x.png"; sourceTree = "<group>"; };
		FD7CEBC41792BF78007406D7 /* AboutViewController.h */ = {isa = PBXFileReference; fileEncoding = 4; lastKnownFileType = sourcecode.c.h; path = AboutViewController.h; sourceTree = "<group>"; };
		FD7CEBC51792BF78007406D7 /* AboutViewController.m */ = {isa = PBXFileReference; fileEncoding = 4; lastKnownFileType = sourcecode.c.objc; path = AboutViewController.m; sourceTree = "<group>"; };
/* End PBXFileReference section */

/* Begin PBXFrameworksBuildPhase section */
		1542E3DB1791CFC800C489F6 /* Frameworks */ = {
			isa = PBXFrameworksBuildPhase;
			buildActionMask = 2147483647;
			files = (
				151F70491792938500631E84 /* CoreLocation.framework in Frameworks */,
				151F70471792936100631E84 /* MobileCoreServices.framework in Frameworks */,
				151F70451792934800631E84 /* SystemConfiguration.framework in Frameworks */,
				151F70431792930C00631E84 /* Security.framework in Frameworks */,
				151F7041179292ED00631E84 /* CoreData.framework in Frameworks */,
				1542E3E21791CFC800C489F6 /* UIKit.framework in Frameworks */,
				1542E3E41791CFC800C489F6 /* Foundation.framework in Frameworks */,
				1542E3E61791CFC800C489F6 /* CoreGraphics.framework in Frameworks */,
				151F703F1792902900631E84 /* libstackmob-v1.4.0.a in Frameworks */,
			);
			runOnlyForDeploymentPostprocessing = 0;
		};
/* End PBXFrameworksBuildPhase section */

/* Begin PBXGroup section */
		151F700A1792902900631E84 /* StackMob-v1.4.0 */ = {
			isa = PBXGroup;
			children = (
				151F700B1792902900631E84 /* CHANGELOG.md */,
				151F700C1792902900631E84 /* Headers */,
				151F703D1792902900631E84 /* libstackmob-v1.4.0.a */,
			);
			path = "StackMob-v1.4.0";
			sourceTree = "<group>";
		};
		151F700C1792902900631E84 /* Headers */ = {
			isa = PBXGroup;
			children = (
				151F700D1792902900631E84 /* AFHTTPClient+StackMob.h */,
				151F700E1792902900631E84 /* AFHTTPClient.h */,
				151F700F1792902900631E84 /* AFHTTPRequestOperation.h */,
				151F70101792902900631E84 /* AFImageRequestOperation.h */,
				151F70111792902900631E84 /* AFJSONRequestOperation.h */,
				151F70121792902900631E84 /* AFNetworkActivityIndicatorManager.h */,
				151F70131792902900631E84 /* AFNetworking.h */,
				151F70141792902900631E84 /* AFPropertyListRequestOperation.h */,
				151F70151792902900631E84 /* AFURLConnectionOperation.h */,
				151F70161792902900631E84 /* AFXMLRequestOperation.h */,
				151F70171792902900631E84 /* Base64EncodedStringFromData.h */,
				151F70181792902900631E84 /* Common.h */,
				151F70191792902900631E84 /* KeychainWrapper.h */,
				151F701A1792902900631E84 /* NSArray+Enumerable.h */,
				151F701B1792902900631E84 /* NSDictionary+AtomicCounter.h */,
				151F701C1792902900631E84 /* NSEntityDescription+StackMobSerialization.h */,
				151F701D1792902900631E84 /* NSManagedObject+StackMobSerialization.h */,
				151F701E1792902900631E84 /* NSManagedObjectContext+Concurrency.h */,
				151F701F1792902900631E84 /* SMBinaryDataConversion.h */,
				151F70201792902900631E84 /* SMClient.h */,
				151F70211792902900631E84 /* SMCoreDataStore.h */,
				151F70221792902900631E84 /* SMCustomCodeRequest.h */,
				151F70231792902900631E84 /* SMDataStore+Protected.h */,
				151F70241792902900631E84 /* SMDataStore.h */,
				151F70251792902900631E84 /* SMError.h */,
				151F70261792902900631E84 /* SMGeoPoint.h */,
				151F70271792902900631E84 /* SMIncrementalStore+Query.h */,
				151F70281792902900631E84 /* SMIncrementalStore.h */,
				151F70291792902900631E84 /* SMIncrementalStoreNode.h */,
				151F702A1792902900631E84 /* SMJSONRequestOperation.h */,
				151F702B1792902900631E84 /* SMLocationManager.h */,
				151F702C1792902900631E84 /* SMNetworkReachability.h */,
				151F702D1792902900631E84 /* SMOAuth1Client.h */,
				151F702E1792902900631E84 /* SMOAuth2Client.h */,
				151F702F1792902900631E84 /* SMPredicate.h */,
				151F70301792902900631E84 /* SMPushClient.h */,
				151F70311792902900631E84 /* SMPushToken.h */,
				151F70321792902900631E84 /* SMQuery.h */,
				151F70331792902900631E84 /* SMRequestOptions.h */,
				151F70341792902900631E84 /* SMResponseBlocks.h */,
				151F70351792902900631E84 /* SMUserManagedObject.h */,
				151F70361792902900631E84 /* SMUserSession.h */,
				151F70371792902900631E84 /* SMVersion.h */,
				151F70381792902900631E84 /* StackMob.h */,
				151F70391792902900631E84 /* StackMobPush.h */,
				151F703A1792902900631E84 /* Synchronization.h */,
				151F703B1792902900631E84 /* SystemInformation.h */,
				151F703C1792902900631E84 /* UIImageView+AFNetworking.h */,
			);
			path = Headers;
			sourceTree = "<group>";
		};
		1542E3D51791CFC800C489F6 = {
			isa = PBXGroup;
			children = (
				151F70481792938500631E84 /* CoreLocation.framework */,
				151F70461792936100631E84 /* MobileCoreServices.framework */,
				151F70441792934800631E84 /* SystemConfiguration.framework */,
				151F70421792930C00631E84 /* Security.framework */,
				151F7040179292ED00631E84 /* CoreData.framework */,
				151F700A1792902900631E84 /* StackMob-v1.4.0 */,
				7FA38AD4179260B9004F109A /* Default-568h@2x.png */,
				FD342C5B17923AC600EAAC49 /* Icon-72@2x.png */,
				FD342C5917923AC300EAAC49 /* Icon-72.png */,
				FD342C5217922F6700EAAC49 /* Default-Portrait@2x~ipad.png */,
				1542E3E71791CFC800C489F6 /* Educrest */,
				1542E3E01791CFC800C489F6 /* Frameworks */,
				1542E3DF1791CFC800C489F6 /* Products */,
			);
			sourceTree = "<group>";
		};
		1542E3DF1791CFC800C489F6 /* Products */ = {
			isa = PBXGroup;
			children = (
				1542E3DE1791CFC800C489F6 /* Educrest.app */,
			);
			name = Products;
			sourceTree = "<group>";
		};
		1542E3E01791CFC800C489F6 /* Frameworks */ = {
			isa = PBXGroup;
			children = (
				1542E3E11791CFC800C489F6 /* UIKit.framework */,
				1542E3E31791CFC800C489F6 /* Foundation.framework */,
				1542E3E51791CFC800C489F6 /* CoreGraphics.framework */,
			);
			name = Frameworks;
			sourceTree = "<group>";
		};
		1542E3E71791CFC800C489F6 /* Educrest */ = {
			isa = PBXGroup;
			children = (
				7F7980F41792B51A0059BFD4 /* QuizViewController.h */,
				7F7980F51792B51A0059BFD4 /* QuizViewController.m */,
				7FA38AD617927308004F109A /* MergeSortViewController.h */,
				7FA38AD717927308004F109A /* MergeSortViewController.m */,
				1542E3F01791CFC800C489F6 /* ECAppDelegate.h */,
				1542E3F11791CFC800C489F6 /* ECAppDelegate.m */,
				1542E4091791D52C00C489F6 /* ChooserViewController.h */,
				1542E40A1791D52C00C489F6 /* ChooserViewController.m */,
				1542E3FF1791CFC900C489F6 /* AlgorithmViewController.h */,
				1542E4001791CFC900C489F6 /* AlgorithmViewController.m */,
				1542E3F91791CFC800C489F6 /* MainStoryboard_iPhone.storyboard */,
				FD7CEBC41792BF78007406D7 /* AboutViewController.h */,
				FD7CEBC51792BF78007406D7 /* AboutViewController.m */,
				FD342C4F1792285100EAAC49 /* BubbleSortViewController.h */,
				7FA38ADC17927F7C004F109A /* HeapSortViewController.h */,
				7FA38ADD17927F7C004F109A /* HeapSortViewController.m */,
				FD342C501792285100EAAC49 /* BubbleSortViewController.m */,
				1542E3FC1791CFC900C489F6 /* MainStoryboard_iPad.storyboard */,
				1542E3E81791CFC800C489F6 /* Supporting Files */,
				7FA38AD9179278A9004F109A /* QuickSortViewController.h */,
				7FA38ADA179278A9004F109A /* QuickSortViewController.m */,
			);
			path = Educrest;
			sourceTree = "<group>";
		};
		1542E3E81791CFC800C489F6 /* Supporting Files */ = {
			isa = PBXGroup;
			children = (
				7F7980F91792F0C20059BFD4 /* incorrect.png */,
				7F7980F71792F0270059BFD4 /* correct.jpeg */,
				151F700817928A8300631E84 /* selectionsort.gif */,
				7FA38ADF17928089004F109A /* heapsort.gif */,
				FD342C541792304200EAAC49 /* Default.png */,
				FD342C4B179216CA00EAAC49 /* educrestlogo.png */,
				1542E4101791DD3100C489F6 /* mergesort.gif */,
				1542E40E1791DD2000C489F6 /* insertionsort.gif */,
				1542E40C1791D5B700C489F6 /* quicksort.gif */,
				1542E4071791CFF300C489F6 /* bubblesort.gif */,
				1542E3E91791CFC800C489F6 /* Educrest-Info.plist */,
				1542E3EA1791CFC800C489F6 /* InfoPlist.strings */,
				1542E3ED1791CFC800C489F6 /* main.m */,
				1542E3EF1791CFC800C489F6 /* Educrest-Prefix.pch */,
			);
			name = "Supporting Files";
			sourceTree = "<group>";
		};
/* End PBXGroup section */

/* Begin PBXNativeTarget section */
		1542E3DD1791CFC800C489F6 /* Educrest */ = {
			isa = PBXNativeTarget;
			buildConfigurationList = 1542E4041791CFC900C489F6 /* Build configuration list for PBXNativeTarget "Educrest" */;
			buildPhases = (
				1542E3DA1791CFC800C489F6 /* Sources */,
				1542E3DB1791CFC800C489F6 /* Frameworks */,
				1542E3DC1791CFC800C489F6 /* Resources */,
			);
			buildRules = (
			);
			dependencies = (
			);
			name = Educrest;
			productName = Educrest;
			productReference = 1542E3DE1791CFC800C489F6 /* Educrest.app */;
			productType = "com.apple.product-type.application";
		};
/* End PBXNativeTarget section */

/* Begin PBXProject section */
		1542E3D61791CFC800C489F6 /* Project object */ = {
			isa = PBXProject;
			attributes = {
				CLASSPREFIX = EC;
				LastUpgradeCheck = 0460;
				ORGANIZATIONNAME = Macroft;
			};
			buildConfigurationList = 1542E3D91791CFC800C489F6 /* Build configuration list for PBXProject "Educrest" */;
			compatibilityVersion = "Xcode 3.2";
			developmentRegion = English;
			hasScannedForEncodings = 0;
			knownRegions = (
				en,
			);
			mainGroup = 1542E3D51791CFC800C489F6;
			productRefGroup = 1542E3DF1791CFC800C489F6 /* Products */;
			projectDirPath = "";
			projectRoot = "";
			targets = (
				1542E3DD1791CFC800C489F6 /* Educrest */,
			);
		};
/* End PBXProject section */

/* Begin PBXResourcesBuildPhase section */
		1542E3DC1791CFC800C489F6 /* Resources */ = {
			isa = PBXResourcesBuildPhase;
			buildActionMask = 2147483647;
			files = (
				1542E3EC1791CFC800C489F6 /* InfoPlist.strings in Resources */,
				1542E3FB1791CFC800C489F6 /* MainStoryboard_iPhone.storyboard in Resources */,
				1542E3FE1791CFC900C489F6 /* MainStoryboard_iPad.storyboard in Resources */,
				1542E4081791CFF300C489F6 /* bubblesort.gif in Resources */,
				1542E40D1791D5B700C489F6 /* quicksort.gif in Resources */,
				1542E40F1791DD2000C489F6 /* insertionsort.gif in Resources */,
				1542E4111791DD3100C489F6 /* mergesort.gif in Resources */,
				FD342C4C179216CA00EAAC49 /* educrestlogo.png in Resources */,
				FD342C5317922F6700EAAC49 /* Default-Portrait@2x~ipad.png in Resources */,
				FD342C551792304200EAAC49 /* Default.png in Resources */,
				FD342C5A17923AC300EAAC49 /* Icon-72.png in Resources */,
				FD342C5C17923AC600EAAC49 /* Icon-72@2x.png in Resources */,
				7FA38AD5179260B9004F109A /* Default-568h@2x.png in Resources */,
				7FA38AE017928089004F109A /* heapsort.gif in Resources */,
				151F700917928A8300631E84 /* selectionsort.gif in Resources */,
				151F703E1792902900631E84 /* CHANGELOG.md in Resources */,
				7F7980F81792F0270059BFD4 /* correct.jpeg in Resources */,
				7F7980FA1792F0C20059BFD4 /* incorrect.png in Resources */,
			);
			runOnlyForDeploymentPostprocessing = 0;
		};
/* End PBXResourcesBuildPhase section */

/* Begin PBXSourcesBuildPhase section */
		1542E3DA1791CFC800C489F6 /* Sources */ = {
			isa = PBXSourcesBuildPhase;
			buildActionMask = 2147483647;
			files = (
				1542E3EE1791CFC800C489F6 /* main.m in Sources */,
				1542E3F21791CFC800C489F6 /* ECAppDelegate.m in Sources */,
				1542E4011791CFC900C489F6 /* AlgorithmViewController.m in Sources */,
				1542E40B1791D52C00C489F6 /* ChooserViewController.m in Sources */,
				FD342C511792285100EAAC49 /* BubbleSortViewController.m in Sources */,
				7FA38AD817927308004F109A /* MergeSortViewController.m in Sources */,
				7FA38ADB179278A9004F109A /* QuickSortViewController.m in Sources */,
				7FA38ADE17927F7C004F109A /* HeapSortViewController.m in Sources */,
				7F7980F61792B51A0059BFD4 /* QuizViewController.m in Sources */,
				FD7CEBC61792BF78007406D7 /* AboutViewController.m in Sources */,
			);
			runOnlyForDeploymentPostprocessing = 0;
		};
/* End PBXSourcesBuildPhase section */

/* Begin PBXVariantGroup section */
		1542E3EA1791CFC800C489F6 /* InfoPlist.strings */ = {
			isa = PBXVariantGroup;
			children = (
				1542E3EB1791CFC800C489F6 /* en */,
			);
			name = InfoPlist.strings;
			sourceTree = "<group>";
		};
		1542E3F91791CFC800C489F6 /* MainStoryboard_iPhone.storyboard */ = {
			isa = PBXVariantGroup;
			children = (
				1542E3FA1791CFC800C489F6 /* en */,
			);
			name = MainStoryboard_iPhone.storyboard;
			sourceTree = "<group>";
		};
		1542E3FC1791CFC900C489F6 /* MainStoryboard_iPad.storyboard */ = {
			isa = PBXVariantGroup;
			children = (
				1542E3FD1791CFC900C489F6 /* en */,
			);
			name = MainStoryboard_iPad.storyboard;
			sourceTree = "<group>";
		};
/* End PBXVariantGroup section */

/* Begin XCBuildConfiguration section */
		1542E4021791CFC900C489F6 /* Debug */ = {
			isa = XCBuildConfiguration;
			buildSettings = {
				ALWAYS_SEARCH_USER_PATHS = NO;
				CLANG_CXX_LANGUAGE_STANDARD = "gnu++0x";
				CLANG_CXX_LIBRARY = "libc++";
				CLANG_ENABLE_OBJC_ARC = YES;
				CLANG_WARN_CONSTANT_CONVERSION = YES;
				CLANG_WARN_EMPTY_BODY = YES;
				CLANG_WARN_ENUM_CONVERSION = YES;
				CLANG_WARN_INT_CONVERSION = YES;
				CLANG_WARN__DUPLICATE_METHOD_MATCH = YES;
				"CODE_SIGN_IDENTITY[sdk=iphoneos*]" = "iPhone Developer";
				COPY_PHASE_STRIP = NO;
				GCC_C_LANGUAGE_STANDARD = gnu99;
				GCC_DYNAMIC_NO_PIC = NO;
				GCC_OPTIMIZATION_LEVEL = 0;
				GCC_PREPROCESSOR_DEFINITIONS = (
					"DEBUG=1",
					"$(inherited)",
				);
				GCC_SYMBOLS_PRIVATE_EXTERN = NO;
				GCC_WARN_ABOUT_RETURN_TYPE = YES;
				GCC_WARN_UNINITIALIZED_AUTOS = YES;
				GCC_WARN_UNUSED_VARIABLE = YES;
				IPHONEOS_DEPLOYMENT_TARGET = 6.0;
				ONLY_ACTIVE_ARCH = YES;
				SDKROOT = iphoneos;
				TARGETED_DEVICE_FAMILY = "1,2";
			};
			name = Debug;
		};
		1542E4031791CFC900C489F6 /* Release */ = {
			isa = XCBuildConfiguration;
			buildSettings = {
				ALWAYS_SEARCH_USER_PATHS = NO;
				CLANG_CXX_LANGUAGE_STANDARD = "gnu++0x";
				CLANG_CXX_LIBRARY = "libc++";
				CLANG_ENABLE_OBJC_ARC = YES;
				CLANG_WARN_CONSTANT_CONVERSION = YES;
				CLANG_WARN_EMPTY_BODY = YES;
				CLANG_WARN_ENUM_CONVERSION = YES;
				CLANG_WARN_INT_CONVERSION = YES;
				CLANG_WARN__DUPLICATE_METHOD_MATCH = YES;
				"CODE_SIGN_IDENTITY[sdk=iphoneos*]" = "iPhone Developer";
				COPY_PHASE_STRIP = YES;
				GCC_C_LANGUAGE_STANDARD = gnu99;
				GCC_WARN_ABOUT_RETURN_TYPE = YES;
				GCC_WARN_UNINITIALIZED_AUTOS = YES;
				GCC_WARN_UNUSED_VARIABLE = YES;
				IPHONEOS_DEPLOYMENT_TARGET = 6.0;
				OTHER_CFLAGS = "-DNS_BLOCK_ASSERTIONS=1";
				SDKROOT = iphoneos;
				TARGETED_DEVICE_FAMILY = "1,2";
				VALIDATE_PRODUCT = YES;
			};
			name = Release;
		};
		1542E4051791CFC900C489F6 /* Debug */ = {
			isa = XCBuildConfiguration;
			buildSettings = {
				GCC_PRECOMPILE_PREFIX_HEADER = YES;
				GCC_PREFIX_HEADER = "Educrest/Educrest-Prefix.pch";
				INFOPLIST_FILE = "Educrest/Educrest-Info.plist";
				LIBRARY_SEARCH_PATHS = (
					"$(inherited)",
					"\"$(SRCROOT)/StackMob-v1.4.0\"",
				);
				OTHER_LDFLAGS = "-ObjC";
				PRODUCT_NAME = "$(TARGET_NAME)";
				TARGETED_DEVICE_FAMILY = "1,2";
				WRAPPER_EXTENSION = app;
			};
			name = Debug;
		};
		1542E4061791CFC900C489F6 /* Release */ = {
			isa = XCBuildConfiguration;
			buildSettings = {
				GCC_PRECOMPILE_PREFIX_HEADER = YES;
				GCC_PREFIX_HEADER = "Educrest/Educrest-Prefix.pch";
				INFOPLIST_FILE = "Educrest/Educrest-Info.plist";
				LIBRARY_SEARCH_PATHS = (
					"$(inherited)",
					"\"$(SRCROOT)/StackMob-v1.4.0\"",
				);
				OTHER_LDFLAGS = "-ObjC";
				PRODUCT_NAME = "$(TARGET_NAME)";
				TARGETED_DEVICE_FAMILY = "1,2";
				WRAPPER_EXTENSION = app;
			};
			name = Release;
		};
/* End XCBuildConfiguration section */

/* Begin XCConfigurationList section */
		1542E3D91791CFC800C489F6 /* Build configuration list for PBXProject "Educrest" */ = {
			isa = XCConfigurationList;
			buildConfigurations = (
				1542E4021791CFC900C489F6 /* Debug */,
				1542E4031791CFC900C489F6 /* Release */,
			);
			defaultConfigurationIsVisible = 0;
			defaultConfigurationName = Release;
		};
		1542E4041791CFC900C489F6 /* Build configuration list for PBXNativeTarget "Educrest" */ = {
			isa = XCConfigurationList;
			buildConfigurations = (
				1542E4051791CFC900C489F6 /* Debug */,
				1542E4061791CFC900C489F6 /* Release */,
			);
			defaultConfigurationIsVisible = 0;
			defaultConfigurationName = Release;
		};
/* End XCConfigurationList section */
	};
	rootObject = 1542E3D61791CFC800C489F6 /* Project object */;
}
